{
  "nodes": {
    "disko": {
      "inputs": {
        "nixpkgs": [
          "nixpkgs"
        ]
      },
      "locked": {
        "lastModified": 1739841949,
        "narHash": "sha256-lSOXdgW/1zi/SSu7xp71v+55D5Egz8ACv0STkj7fhbs=",
        "owner": "nix-community",
        "repo": "disko",
        "rev": "15dbf8cebd8e2655a883b74547108e089f051bf0",
        "type": "github"
      },
      "original": {
        "owner": "nix-community",
        "repo": "disko",
        "type": "github"
      }
    },
    "home-manager": {
      "inputs": {
        "nixpkgs": [
          "nixpkgs"
        ]
      },
      "locked": {
        "lastModified": 1739992710,
        "narHash": "sha256-9kEscmGnXHjSgcqyJR4TzzHhska4yz1inSQs6HuO9qU=",
        "owner": "nix-community",
        "repo": "home-manager",
        "rev": "1c189f011447810af939a886ba7bee33532bb1f9",
        "type": "github"
      },
      "original": {
        "owner": "nix-community",
        "ref": "master",
        "repo": "home-manager",
        "type": "github"
      }
    },
    "impermanence": {
      "locked": {
        "lastModified": 1737831083,
        "narHash": "sha256-LJggUHbpyeDvNagTUrdhe/pRVp4pnS6wVKALS782gRI=",
        "owner": "nix-community",
        "repo": "impermanence",
        "rev": "4b3e914cdf97a5b536a889e939fb2fd2b043a170",
        "type": "github"
      },
      "original": {
        "owner": "nix-community",
        "repo": "impermanence",
        "type": "github"
      }
    },
    "nixos-hardware": {
      "locked": {
        "lastModified": 1739798439,
        "narHash": "sha256-GyipmjbbQEaosel/+wq1xihCKbv0/e1LU00x/8b/fP4=",
        "owner": "NixOS",
        "repo": "nixos-hardware",
        "rev": "3e2ea8a49d4d76276b0f4e2041df8ca5c0771371",
        "type": "github"
      },
      "original": {
        "owner": "NixOS",
        "ref": "master",
        "repo": "nixos-hardware",
        "type": "github"
      }
    },
    "nixpkgs": {
      "locked": {
        "lastModified": 1739866667,
        "narHash": "sha256-EO1ygNKZlsAC9avfcwHkKGMsmipUk1Uc0TbrEZpkn64=",
        "owner": "nixos",
        "repo": "nixpkgs",
        "rev": "73cf49b8ad837ade2de76f87eb53fc85ed5d4680",
        "type": "github"
      },
      "original": {
        "owner": "nixos",
        "ref": "nixos-unstable",
        "repo": "nixpkgs",
        "type": "github"
      }
    },
    "nixpkgs-master": {
      "locked": {
        "lastModified": 1740025793,
        "narHash": "sha256-iFyDLHoPf5nta7o1VPRIv8FDMIFOzTxhopQoxLqX8XU=",
        "owner": "nixos",
        "repo": "nixpkgs",
        "rev": "3ec4ef8f3aa1067f100a0dd370d786e872b38cd7",
        "type": "github"
      },
      "original": {
        "owner": "nixos",
        "ref": "master",
        "repo": "nixpkgs",
        "type": "github"
      }
    },
    "nixpkgs-stable": {
      "locked": {
        "lastModified": 1735563628,
        "narHash": "sha256-OnSAY7XDSx7CtDoqNh8jwVwh4xNL/2HaJxGjryLWzX8=",
        "owner": "nixos",
        "repo": "nixpkgs",
        "rev": "b134951a4c9f3c995fd7be05f3243f8ecd65d798",
        "type": "github"
      },
      "original": {
        "owner": "nixos",
        "ref": "nixos-24.05",
        "repo": "nixpkgs",
        "type": "github"
      }
    },
    "root": {
      "inputs": {
        "disko": "disko",
        "home-manager": "home-manager",
        "impermanence": "impermanence",
        "nixos-hardware": "nixos-hardware",
        "nixpkgs": "nixpkgs",
        "nixpkgs-master": "nixpkgs-master",
        "nixpkgs-stable": "nixpkgs-stable",
        "sops-nix": "sops-nix"
      }
    },
    "sops-nix": {
      "inputs": {
        "nixpkgs": [
          "nixpkgs"
        ]
      },
      "locked": {
        "lastModified": 1739262228,
        "narHash": "sha256-7JAGezJ0Dn5qIyA2+T4Dt/xQgAbhCglh6lzCekTVMeU=",
        "owner": "mic92",
        "repo": "sops-nix",
        "rev": "07af005bb7d60c7f118d9d9f5530485da5d1e975",
        "type": "github"
      },
      "original": {
        "owner": "mic92",
        "repo": "sops-nix",
        "type": "github"
      }
    }
  },
  "root": "root",
  "version": 7
}
